
Microsoft Visual Studio Solution File, Format Version 12.00
# Visual Studio Version 17
VisualStudioVersion = 17.0.32126.317
MinimumVisualStudioVersion = 10.0.40219.1
Project("{FAE04EC0-301F-11D3-BF4B-00C04F79EFBC}") = "HearMeRoar.UWP", "HearMeRoar\HearMeRoar.UWP\HearMeRoar.UWP.csproj", "{6590AF43-9C81-427C-8B47-077FAE58062A}"
EndProject
Project("{FAE04EC0-301F-11D3-BF4B-00C04F79EFBC}") = "HearMeRoar.Android", "HearMeRoar\HearMeRoar.Android\HearMeRoar.Android.csproj", "{903B19B5-CB2F-4329-80A4-BA98EF3CF487}"
EndProject
Project("{FAE04EC0-301F-11D3-BF4B-00C04F79EFBC}") = "HearMeRoar.iOS", "HearMeRoar\HearMeRoar.iOS\HearMeRoar.iOS.csproj", "{E67F3B82-0EA1-45AE-8B40-FDB5F10BE91C}"
EndProject
Project("{FAE04EC0-301F-11D3-BF4B-00C04F79EFBC}") = "HearMeRoar", "HearMeRoar\HearMeRoar\HearMeRoar.csproj", "{674B80B3-71C8-4299-8C8C-10572738825C}"
EndProject
Global
	GlobalSection(SolutionConfigurationPlatforms) = preSolution
		Debug|Any CPU = Debug|Any CPU
		Debug|ARM = Debug|ARM
		Debug|iPhone = Debug|iPhone
		Debug|iPhoneSimulator = Debug|iPhoneSimulator
		Debug|x64 = Debug|x64
		Debug|x86 = Debug|x86
		Release|Any CPU = Release|Any CPU
		Release|ARM = Release|ARM
		Release|iPhone = Release|iPhone
		Release|iPhoneSimulator = Release|iPhoneSimulator
		Release|x64 = Release|x64
		Release|x86 = Release|x86
	EndGlobalSection
	GlobalSection(ProjectConfigurationPlatforms) = postSolution
		{6590AF43-9C81-427C-8B47-077FAE58062A}.Debug|Any CPU.ActiveCfg = Debug|x64
		{6590AF43-9C81-427C-8B47-077FAE58062A}.Debug|Any CPU.Build.0 = Debug|x64
		{6590AF43-9C81-427C-8B47-077FAE58062A}.Debug|Any CPU.Deploy.0 = Debug|x64
		{6590AF43-9C81-427C-8B47-077FAE58062A}.Debug|ARM.ActiveCfg = Debug|ARM
		{6590AF43-9C81-427C-8B47-077FAE58062A}.Debug|ARM.Build.0 = Debug|ARM
		{6590AF43-9C81-427C-8B47-077FAE58062A}.Debug|ARM.Deploy.0 = Debug|ARM
		{6590AF43-9C81-427C-8B47-077FAE58062A}.Debug|iPhone.ActiveCfg = Debug|x64
		{6590AF43-9C81-427C-8B47-077FAE58062A}.Debug|iPhone.Build.0 = Debug|x64
		{6590AF43-9C81-427C-8B47-077FAE58062A}.Debug|iPhone.Deploy.0 = Debug|x64
		{6590AF43-9C81-427C-8B47-077FAE58062A}.Debug|iPhoneSimulator.ActiveCfg = Debug|x64
		{6590AF43-9C81-427C-8B47-077FAE58062A}.Debug|iPhoneSimulator.Build.0 = Debug|x64
		{6590AF43-9C81-427C-8B47-077FAE58062A}.Debug|iPhoneSimulator.Deploy.0 = Debug|x64
		{6590AF43-9C81-427C-8B47-077FAE58062A}.Debug|x64.ActiveCfg = Debug|x64
		{6590AF43-9C81-427C-8B47-077FAE58062A}.Debug|x64.Build.0 = Debug|x64
		{6590AF43-9C81-427C-8B47-077FAE58062A}.Debug|x64.Deploy.0 = Debug|x64
		{6590AF43-9C81-427C-8B47-077FAE58062A}.Debug|x86.ActiveCfg = Debug|x86
		{6590AF43-9C81-427C-8B47-077FAE58062A}.Debug|x86.Build.0 = Debug|x86
		{6590AF43-9C81-427C-8B47-077FAE58062A}.Debug|x86.Deploy.0 = Debug|x86
		{6590AF43-9C81-427C-8B47-077FAE58062A}.Release|Any CPU.ActiveCfg = Release|x64
		{6590AF43-9C81-427C-8B47-077FAE58062A}.Release|Any CPU.Build.0 = Release|x64
		{6590AF43-9C81-427C-8B47-077FAE58062A}.Release|Any CPU.Deploy.0 = Release|x64
		{6590AF43-9C81-427C-8B47-077FAE58062A}.Release|ARM.ActiveCfg = Release|ARM
		{6590AF43-9C81-427C-8B47-077FAE58062A}.Release|ARM.Build.0 = Release|ARM
		{6590AF43-9C81-427C-8B47-077FAE58062A}.Release|ARM.Deploy.0 = Release|ARM
		{6590AF43-9C81-427C-8B47-077FAE58062A}.Release|iPhone.ActiveCfg = Release|x64
		{6590AF43-9C81-427C-8B47-077FAE58062A}.Release|iPhone.Build.0 = Release|x64
		{6590AF43-9C81-427C-8B47-077FAE58062A}.Release|iPhone.Deploy.0 = Release|x64
		{6590AF43-9C81-427C-8B47-077FAE58062A}.Release|iPhoneSimulator.ActiveCfg = Release|x64
		{6590AF43-9C81-427C-8B47-077FAE58062A}.Release|iPhoneSimulator.Build.0 = Release|x64
		{6590AF43-9C81-427C-8B47-077FAE58062A}.Release|iPhoneSimulator.Deploy.0 = Release|x64
		{6590AF43-9C81-427C-8B47-077FAE58062A}.Release|x64.ActiveCfg = Release|x64
		{6590AF43-9C81-427C-8B47-077FAE58062A}.Release|x64.Build.0 = Release|x64
		{6590AF43-9C81-427C-8B47-077FAE58062A}.Release|x64.Deploy.0 = Release|x64
		{6590AF43-9C81-427C-8B47-077FAE58062A}.Release|x86.ActiveCfg = Release|x86
		{6590AF43-9C81-427C-8B47-077FAE58062A}.Release|x86.Build.0 = Release|x86
		{6590AF43-9C81-427C-8B47-077FAE58062A}.Release|x86.Deploy.0 = Release|x86
		{903B19B5-CB2F-4329-80A4-BA98EF3CF487}.Debug|Any CPU.ActiveCfg = Debug|Any CPU
		{903B19B5-CB2F-4329-80A4-BA98EF3CF487}.Debug|Any CPU.Build.0 = Debug|Any CPU
		{903B19B5-CB2F-4329-80A4-BA98EF3CF487}.Debug|Any CPU.Deploy.0 = Debug|Any CPU
		{903B19B5-CB2F-4329-80A4-BA98EF3CF487}.Debug|ARM.ActiveCfg = Debug|Any CPU
		{903B19B5-CB2F-4329-80A4-BA98EF3CF487}.Debug|ARM.Build.0 = Debug|Any CPU
		{903B19B5-CB2F-4329-80A4-BA98EF3CF487}.Debug|ARM.Deploy.0 = Debug|Any CPU
		{903B19B5-CB2F-4329-80A4-BA98EF3CF487}.Debug|iPhone.ActiveCfg = Debug|Any CPU
		{903B19B5-CB2F-4329-80A4-BA98EF3CF487}.Debug|iPhone.Build.0 = Debug|Any CPU
		{903B19B5-CB2F-4329-80A4-BA98EF3CF487}.Debug|iPhone.Deploy.0 = Debug|Any CPU
		{903B19B5-CB2F-4329-80A4-BA98EF3CF487}.Debug|iPhoneSimulator.ActiveCfg = Debug|Any CPU
		{903B19B5-CB2F-4329-80A4-BA98EF3CF487}.Debug|iPhoneSimulator.Build.0 = Debug|Any CPU
		{903B19B5-CB2F-4329-80A4-BA98EF3CF487}.Debug|iPhoneSimulator.Deploy.0 = Debug|Any CPU
		{903B19B5-CB2F-4329-80A4-BA98EF3CF487}.Debug|x64.ActiveCfg = Debug|Any CPU
		{903B19B5-CB2F-4329-80A4-BA98EF3CF487}.Debug|x64.Build.0 = Debug|Any CPU
		{903B19B5-CB2F-4329-80A4-BA98EF3CF487}.Debug|x64.Deploy.0 = Debug|Any CPU
		{903B19B5-CB2F-4329-80A4-BA98EF3CF487}.Debug|x86.ActiveCfg = Debug|Any CPU
		{903B19B5-CB2F-4329-80A4-BA98EF3CF487}.Debug|x86.Build.0 = Debug|Any CPU
		{903B19B5-CB2F-4329-80A4-BA98EF3CF487}.Debug|x86.Deploy.0 = Debug|Any CPU
		{903B19B5-CB2F-4329-80A4-BA98EF3CF487}.Release|Any CPU.ActiveCfg = Release|Any CPU
		{903B19B5-CB2F-4329-80A4-BA98EF3CF487}.Release|Any CPU.Build.0 = Release|Any CPU
		{903B19B5-CB2F-4329-80A4-BA98EF3CF487}.Release|Any CPU.Deploy.0 = Release|Any CPU
		{903B19B5-CB2F-4329-80A4-BA98EF3CF487}.Release|ARM.ActiveCfg = Release|Any CPU
		{903B19B5-CB2F-4329-80A4-BA98EF3CF487}.Release|ARM.Build.0 = Release|Any CPU
		{903B19B5-CB2F-4329-80A4-BA98EF3CF487}.Release|ARM.Deploy.0 = Release|Any CPU
		{903B19B5-CB2F-4329-80A4-BA98EF3CF487}.Release|iPhone.ActiveCfg = Release|Any CPU
		{903B19B5-CB2F-4329-80A4-BA98EF3CF487}.Release|iPhone.Build.0 = Release|Any CPU
		{903B19B5-CB2F-4329-80A4-BA98EF3CF487}.Release|iPhone.Deploy.0 = Release|Any CPU
		{903B19B5-CB2F-4329-80A4-BA98EF3CF487}.Release|iPhoneSimulator.ActiveCfg = Release|Any CPU
		{903B19B5-CB2F-4329-80A4-BA98EF3CF487}.Release|iPhoneSimulator.Build.0 = Release|Any CPU
		{903B19B5-CB2F-4329-80A4-BA98EF3CF487}.Release|iPhoneSimulator.Deploy.0 = Release|Any CPU
		{903B19B5-CB2F-4329-80A4-BA98EF3CF487}.Release|x64.ActiveCfg = Release|Any CPU
		{903B19B5-CB2F-4329-80A4-BA98EF3CF487}.Release|x64.Build.0 = Release|Any CPU
		{903B19B5-CB2F-4329-80A4-BA98EF3CF487}.Release|x64.Deploy.0 = Release|Any CPU
		{903B19B5-CB2F-4329-80A4-BA98EF3CF487}.Release|x86.ActiveCfg = Release|Any CPU
		{903B19B5-CB2F-4329-80A4-BA98EF3CF487}.Release|x86.Build.0 = Release|Any CPU
		{903B19B5-CB2F-4329-80A4-BA98EF3CF487}.Release|x86.Deploy.0 = Release|Any CPU
		{E67F3B82-0EA1-45AE-8B40-FDB5F10BE91C}.Debug|Any CPU.ActiveCfg = Debug|iPhoneSimulator
		{E67F3B82-0EA1-45AE-8B40-FDB5F10BE91C}.Debug|Any CPU.Build.0 = Debug|iPhoneSimulator
		{E67F3B82-0EA1-45AE-8B40-FDB5F10BE91C}.Debug|Any CPU.Deploy.0 = Debug|iPhoneSimulator
		{E67F3B82-0EA1-45AE-8B40-FDB5F10BE91C}.Debug|ARM.ActiveCfg = Debug|iPhoneSimulator
		{E67F3B82-0EA1-45AE-8B40-FDB5F10BE91C}.Debug|ARM.Build.0 = Debug|iPhoneSimulator
		{E67F3B82-0EA1-45AE-8B40-FDB5F10BE91C}.Debug|ARM.Deploy.0 = Debug|iPhoneSimulator
		{E67F3B82-0EA1-45AE-8B40-FDB5F10BE91C}.Debug|iPhone.ActiveCfg = Debug|iPhone
		{E67F3B82-0EA1-45AE-8B40-FDB5F10BE91C}.Debug|iPhone.Build.0 = Debug|iPhone
		{E67F3B82-0EA1-45AE-8B40-FDB5F10BE91C}.Debug|iPhone.Deploy.0 = Debug|iPhone
		{E67F3B82-0EA1-45AE-8B40-FDB5F10BE91C}.Debug|iPhoneSimulator.ActiveCfg = Debug|iPhoneSimulator
		{E67F3B82-0EA1-45AE-8B40-FDB5F10BE91C}.Debug|iPhoneSimulator.Build.0 = Debug|iPhoneSimulator
		{E67F3B82-0EA1-45AE-8B40-FDB5F10BE91C}.Debug|iPhoneSimulator.Deploy.0 = Debug|iPhoneSimulator
		{E67F3B82-0EA1-45AE-8B40-FDB5F10BE91C}.Debug|x64.ActiveCfg = Debug|iPhone
		{E67F3B82-0EA1-45AE-8B40-FDB5F10BE91C}.Debug|x64.Build.0 = Debug|iPhone
		{E67F3B82-0EA1-45AE-8B40-FDB5F10BE91C}.Debug|x64.Deploy.0 = Debug|iPhone
		{E67F3B82-0EA1-45AE-8B40-FDB5F10BE91C}.Debug|x86.ActiveCfg = Debug|iPhoneSimulator
		{E67F3B82-0EA1-45AE-8B40-FDB5F10BE91C}.Debug|x86.Build.0 = Debug|iPhoneSimulator
		{E67F3B82-0EA1-45AE-8B40-FDB5F10BE91C}.Debug|x86.Deploy.0 = Debug|iPhoneSimulator
		{E67F3B82-0EA1-45AE-8B40-FDB5F10BE91C}.Release|Any CPU.ActiveCfg = Release|iPhoneSimulator
		{E67F3B82-0EA1-45AE-8B40-FDB5F10BE91C}.Release|Any CPU.Build.0 = Release|iPhoneSimulator
		{E67F3B82-0EA1-45AE-8B40-FDB5F10BE91C}.Release|Any CPU.Deploy.0 = Release|iPhoneSimulator
		{E67F3B82-0EA1-45AE-8B40-FDB5F10BE91C}.Release|ARM.ActiveCfg = Release|iPhoneSimulator
		{E67F3B82-0EA1-45AE-8B40-FDB5F10BE91C}.Release|ARM.Build.0 = Release|iPhoneSimulator
		{E67F3B82-0EA1-45AE-8B40-FDB5F10BE91C}.Release|ARM.Deploy.0 = Release|iPhoneSimulator
		{E67F3B82-0EA1-45AE-8B40-FDB5F10BE91C}.Release|iPhone.ActiveCfg = Release|iPhone
		{E67F3B82-0EA1-45AE-8B40-FDB5F10BE91C}.Release|iPhone.Build.0 = Release|iPhone
		{E67F3B82-0EA1-45AE-8B40-FDB5F10BE91C}.Release|iPhone.Deploy.0 = Release|iPhone
		{E67F3B82-0EA1-45AE-8B40-FDB5F10BE91C}.Release|iPhoneSimulator.ActiveCfg = Release|iPhoneSimulator
		{E67F3B82-0EA1-45AE-8B40-FDB5F10BE91C}.Release|iPhoneSimulator.Build.0 = Release|iPhoneSimulator
		{E67F3B82-0EA1-45AE-8B40-FDB5F10BE91C}.Release|iPhoneSimulator.Deploy.0 = Release|iPhoneSimulator
		{E67F3B82-0EA1-45AE-8B40-FDB5F10BE91C}.Release|x64.ActiveCfg = Release|iPhoneSimulator
		{E67F3B82-0EA1-45AE-8B40-FDB5F10BE91C}.Release|x64.Build.0 = Release|iPhoneSimulator
		{E67F3B82-0EA1-45AE-8B40-FDB5F10BE91C}.Release|x64.Deploy.0 = Release|iPhoneSimulator
		{E67F3B82-0EA1-45AE-8B40-FDB5F10BE91C}.Release|x86.ActiveCfg = Release|iPhoneSimulator
		{E67F3B82-0EA1-45AE-8B40-FDB5F10BE91C}.Release|x86.Build.0 = Release|iPhoneSimulator
		{E67F3B82-0EA1-45AE-8B40-FDB5F10BE91C}.Release|x86.Deploy.0 = Release|iPhoneSimulator
		{674B80B3-71C8-4299-8C8C-10572738825C}.Debug|Any CPU.ActiveCfg = Debug|Any CPU
		{674B80B3-71C8-4299-8C8C-10572738825C}.Debug|Any CPU.Build.0 = Debug|Any CPU
		{674B80B3-71C8-4299-8C8C-10572738825C}.Debug|Any CPU.Deploy.0 = Debug|Any CPU
		{674B80B3-71C8-4299-8C8C-10572738825C}.Debug|ARM.ActiveCfg = Debug|Any CPU
		{674B80B3-71C8-4299-8C8C-10572738825C}.Debug|ARM.Build.0 = Debug|Any CPU
		{674B80B3-71C8-4299-8C8C-10572738825C}.Debug|ARM.Deploy.0 = Debug|Any CPU
		{674B80B3-71C8-4299-8C8C-10572738825C}.Debug|iPhone.ActiveCfg = Debug|Any CPU
		{674B80B3-71C8-4299-8C8C-10572738825C}.Debug|iPhone.Build.0 = Debug|Any CPU
		{674B80B3-71C8-4299-8C8C-10572738825C}.Debug|iPhone.Deploy.0 = Debug|Any CPU
		{674B80B3-71C8-4299-8C8C-10572738825C}.Debug|iPhoneSimulator.ActiveCfg = Debug|Any CPU
		{674B80B3-71C8-4299-8C8C-10572738825C}.Debug|iPhoneSimulator.Build.0 = Debug|Any CPU
		{674B80B3-71C8-4299-8C8C-10572738825C}.Debug|iPhoneSimulator.Deploy.0 = Debug|Any CPU
		{674B80B3-71C8-4299-8C8C-10572738825C}.Debug|x64.ActiveCfg = Debug|Any CPU
		{674B80B3-71C8-4299-8C8C-10572738825C}.Debug|x64.Build.0 = Debug|Any CPU
		{674B80B3-71C8-4299-8C8C-10572738825C}.Debug|x64.Deploy.0 = Debug|Any CPU
		{674B80B3-71C8-4299-8C8C-10572738825C}.Debug|x86.ActiveCfg = Debug|Any CPU
		{674B80B3-71C8-4299-8C8C-10572738825C}.Debug|x86.Build.0 = Debug|Any CPU
		{674B80B3-71C8-4299-8C8C-10572738825C}.Debug|x86.Deploy.0 = Debug|Any CPU
		{674B80B3-71C8-4299-8C8C-10572738825C}.Release|Any CPU.ActiveCfg = Release|Any CPU
		{674B80B3-71C8-4299-8C8C-10572738825C}.Release|Any CPU.Build.0 = Release|Any CPU
		{674B80B3-71C8-4299-8C8C-10572738825C}.Release|Any CPU.Deploy.0 = Release|Any CPU
		{674B80B3-71C8-4299-8C8C-10572738825C}.Release|ARM.ActiveCfg = Release|Any CPU
		{674B80B3-71C8-4299-8C8C-10572738825C}.Release|ARM.Build.0 = Release|Any CPU
		{674B80B3-71C8-4299-8C8C-10572738825C}.Release|ARM.Deploy.0 = Release|Any CPU
		{674B80B3-71C8-4299-8C8C-10572738825C}.Release|iPhone.ActiveCfg = Release|Any CPU
		{674B80B3-71C8-4299-8C8C-10572738825C}.Release|iPhone.Build.0 = Release|Any CPU
		{674B80B3-71C8-4299-8C8C-10572738825C}.Release|iPhone.Deploy.0 = Release|Any CPU
		{674B80B3-71C8-4299-8C8C-10572738825C}.Release|iPhoneSimulator.ActiveCfg = Release|Any CPU
		{674B80B3-71C8-4299-8C8C-10572738825C}.Release|iPhoneSimulator.Build.0 = Release|Any CPU
		{674B80B3-71C8-4299-8C8C-10572738825C}.Release|iPhoneSimulator.Deploy.0 = Release|Any CPU
		{674B80B3-71C8-4299-8C8C-10572738825C}.Release|x64.ActiveCfg = Release|Any CPU
		{674B80B3-71C8-4299-8C8C-10572738825C}.Release|x64.Build.0 = Release|Any CPU
		{674B80B3-71C8-4299-8C8C-10572738825C}.Release|x64.Deploy.0 = Release|Any CPU
		{674B80B3-71C8-4299-8C8C-10572738825C}.Release|x86.ActiveCfg = Release|Any CPU
		{674B80B3-71C8-4299-8C8C-10572738825C}.Release|x86.Build.0 = Release|Any CPU
		{674B80B3-71C8-4299-8C8C-10572738825C}.Release|x86.Deploy.0 = Release|Any CPU
	EndGlobalSection
	GlobalSection(SolutionProperties) = preSolution
		HideSolutionNode = FALSE
	EndGlobalSection
	GlobalSection(ExtensibilityGlobals) = postSolution
		SolutionGuid = {2C07DE3E-D09A-45D6-AF00-2558EB185587}
	EndGlobalSection
EndGlobal
